dependencies:
- name: common
  repository: https://charts.bitnami.com/bitnami
  version: 1.13.0
- name: postgresql
  repository: https://charts.bitnami.com/bitnami
  version: 11.1.24
digest: sha256:35c7198cb705f242f65439c1deb63ef8382e24a1a581a62da0dd6af034afbf30
generated: "2022-04-25T04:13:07.326288483Z"
